
Microsoft Visual Studio Solution File, Format Version 12.00
# Visual Studio Version 17
VisualStudioVersion = 17.13.35825.156
MinimumVisualStudioVersion = 10.0.40219.1
Project("{54A90642-561A-4BB1-A94E-469ADEE60C69}") = "montyhallapplication.client", "montyhallapplication.client\montyhallapplication.client.esproj", "{CC013D3C-A2CE-C60E-D793-C3EF84422162}"
EndProject
Project("{FAE04EC0-301F-11D3-BF4B-00C04F79EFBC}") = "MontyHallApplication.Server", "MontyHallApplication.Server\MontyHallApplication.Server.csproj", "{99946D01-8997-4DC1-A87C-F6D2F986B642}"
EndProject
Project("{FAE04EC0-301F-11D3-BF4B-00C04F79EFBC}") = "MontyHallSimulationTests", "MontyHallSimulationTests\MontyHallSimulationTests.csproj", "{415CFAFA-B093-4DAE-BEE4-DEA4260A845D}"
EndProject
Global
	GlobalSection(SolutionConfigurationPlatforms) = preSolution
		Debug|Any CPU = Debug|Any CPU
		Release|Any CPU = Release|Any CPU
	EndGlobalSection
	GlobalSection(ProjectConfigurationPlatforms) = postSolution
		{CC013D3C-A2CE-C60E-D793-C3EF84422162}.Debug|Any CPU.ActiveCfg = Debug|Any CPU
		{CC013D3C-A2CE-C60E-D793-C3EF84422162}.Debug|Any CPU.Build.0 = Debug|Any CPU
		{CC013D3C-A2CE-C60E-D793-C3EF84422162}.Debug|Any CPU.Deploy.0 = Debug|Any CPU
		{CC013D3C-A2CE-C60E-D793-C3EF84422162}.Release|Any CPU.ActiveCfg = Release|Any CPU
		{CC013D3C-A2CE-C60E-D793-C3EF84422162}.Release|Any CPU.Build.0 = Release|Any CPU
		{CC013D3C-A2CE-C60E-D793-C3EF84422162}.Release|Any CPU.Deploy.0 = Release|Any CPU
		{99946D01-8997-4DC1-A87C-F6D2F986B642}.Debug|Any CPU.ActiveCfg = Debug|Any CPU
		{99946D01-8997-4DC1-A87C-F6D2F986B642}.Debug|Any CPU.Build.0 = Debug|Any CPU
		{99946D01-8997-4DC1-A87C-F6D2F986B642}.Release|Any CPU.ActiveCfg = Release|Any CPU
		{99946D01-8997-4DC1-A87C-F6D2F986B642}.Release|Any CPU.Build.0 = Release|Any CPU
		{415CFAFA-B093-4DAE-BEE4-DEA4260A845D}.Debug|Any CPU.ActiveCfg = Debug|Any CPU
		{415CFAFA-B093-4DAE-BEE4-DEA4260A845D}.Debug|Any CPU.Build.0 = Debug|Any CPU
		{415CFAFA-B093-4DAE-BEE4-DEA4260A845D}.Release|Any CPU.ActiveCfg = Release|Any CPU
		{415CFAFA-B093-4DAE-BEE4-DEA4260A845D}.Release|Any CPU.Build.0 = Release|Any CPU
	EndGlobalSection
	GlobalSection(SolutionProperties) = preSolution
		HideSolutionNode = FALSE
	EndGlobalSection
	GlobalSection(ExtensibilityGlobals) = postSolution
		SolutionGuid = {28DABFEF-1B6C-4281-8AB9-B341A95170EC}
	EndGlobalSection
EndGlobal
